
Microsoft Visual Studio Solution File, Format Version 12.00
# Visual Studio 15
VisualStudioVersion = 15.0.27703.2035
MinimumVisualStudioVersion = 10.0.40219.1
Project("{9A19103F-16F7-4668-BE54-9A1E7A4F7556}") = "CrossMVVM", "CrossMVVM\CrossMVVM.csproj", "{3153EC79-4BB5-4AF9-9615-84BBBF9926E3}"
EndProject
Project("{FAE04EC0-301F-11D3-BF4B-00C04F79EFBC}") = "CrossMVVM.Droid", "CrossMVVM.Droid\CrossMVVM.Droid.csproj", "{0F359387-88CB-4010-BDCE-C64663E886B9}"
EndProject
Project("{FAE04EC0-301F-11D3-BF4B-00C04F79EFBC}") = "CrossMVVM.iOS", "CrossMVVM.iOS\CrossMVVM.iOS.csproj", "{80A96B52-6758-4BDB-B0B4-CEA4CA155C60}"
EndProject
Global
	GlobalSection(SolutionConfigurationPlatforms) = preSolution
		Debug|Any CPU = Debug|Any CPU
		Debug|iPhone = Debug|iPhone
		Debug|iPhoneSimulator = Debug|iPhoneSimulator
		Release|Any CPU = Release|Any CPU
		Release|iPhone = Release|iPhone
		Release|iPhoneSimulator = Release|iPhoneSimulator
	EndGlobalSection
	GlobalSection(ProjectConfigurationPlatforms) = postSolution
		{3153EC79-4BB5-4AF9-9615-84BBBF9926E3}.Debug|Any CPU.ActiveCfg = Debug|Any CPU
		{3153EC79-4BB5-4AF9-9615-84BBBF9926E3}.Debug|Any CPU.Build.0 = Debug|Any CPU
		{3153EC79-4BB5-4AF9-9615-84BBBF9926E3}.Debug|iPhone.ActiveCfg = Debug|Any CPU
		{3153EC79-4BB5-4AF9-9615-84BBBF9926E3}.Debug|iPhone.Build.0 = Debug|Any CPU
		{3153EC79-4BB5-4AF9-9615-84BBBF9926E3}.Debug|iPhoneSimulator.ActiveCfg = Debug|Any CPU
		{3153EC79-4BB5-4AF9-9615-84BBBF9926E3}.Debug|iPhoneSimulator.Build.0 = Debug|Any CPU
		{3153EC79-4BB5-4AF9-9615-84BBBF9926E3}.Release|Any CPU.ActiveCfg = Release|Any CPU
		{3153EC79-4BB5-4AF9-9615-84BBBF9926E3}.Release|Any CPU.Build.0 = Release|Any CPU
		{3153EC79-4BB5-4AF9-9615-84BBBF9926E3}.Release|iPhone.ActiveCfg = Release|Any CPU
		{3153EC79-4BB5-4AF9-9615-84BBBF9926E3}.Release|iPhone.Build.0 = Release|Any CPU
		{3153EC79-4BB5-4AF9-9615-84BBBF9926E3}.Release|iPhoneSimulator.ActiveCfg = Release|Any CPU
		{3153EC79-4BB5-4AF9-9615-84BBBF9926E3}.Release|iPhoneSimulator.Build.0 = Release|Any CPU
		{0F359387-88CB-4010-BDCE-C64663E886B9}.Debug|Any CPU.ActiveCfg = Debug|Any CPU
		{0F359387-88CB-4010-BDCE-C64663E886B9}.Debug|Any CPU.Build.0 = Debug|Any CPU
		{0F359387-88CB-4010-BDCE-C64663E886B9}.Debug|Any CPU.Deploy.0 = Debug|Any CPU
		{0F359387-88CB-4010-BDCE-C64663E886B9}.Debug|iPhone.ActiveCfg = Debug|Any CPU
		{0F359387-88CB-4010-BDCE-C64663E886B9}.Debug|iPhone.Build.0 = Debug|Any CPU
		{0F359387-88CB-4010-BDCE-C64663E886B9}.Debug|iPhone.Deploy.0 = Debug|Any CPU
		{0F359387-88CB-4010-BDCE-C64663E886B9}.Debug|iPhoneSimulator.ActiveCfg = Debug|Any CPU
		{0F359387-88CB-4010-BDCE-C64663E886B9}.Debug|iPhoneSimulator.Build.0 = Debug|Any CPU
		{0F359387-88CB-4010-BDCE-C64663E886B9}.Debug|iPhoneSimulator.Deploy.0 = Debug|Any CPU
		{0F359387-88CB-4010-BDCE-C64663E886B9}.Release|Any CPU.ActiveCfg = Release|Any CPU
		{0F359387-88CB-4010-BDCE-C64663E886B9}.Release|Any CPU.Build.0 = Release|Any CPU
		{0F359387-88CB-4010-BDCE-C64663E886B9}.Release|Any CPU.Deploy.0 = Release|Any CPU
		{0F359387-88CB-4010-BDCE-C64663E886B9}.Release|iPhone.ActiveCfg = Release|Any CPU
		{0F359387-88CB-4010-BDCE-C64663E886B9}.Release|iPhone.Build.0 = Release|Any CPU
		{0F359387-88CB-4010-BDCE-C64663E886B9}.Release|iPhone.Deploy.0 = Release|Any CPU
		{0F359387-88CB-4010-BDCE-C64663E886B9}.Release|iPhoneSimulator.ActiveCfg = Release|Any CPU
		{0F359387-88CB-4010-BDCE-C64663E886B9}.Release|iPhoneSimulator.Build.0 = Release|Any CPU
		{0F359387-88CB-4010-BDCE-C64663E886B9}.Release|iPhoneSimulator.Deploy.0 = Release|Any CPU
		{80A96B52-6758-4BDB-B0B4-CEA4CA155C60}.Debug|Any CPU.ActiveCfg = Debug|iPhone
		{80A96B52-6758-4BDB-B0B4-CEA4CA155C60}.Debug|iPhone.ActiveCfg = Debug|iPhone
		{80A96B52-6758-4BDB-B0B4-CEA4CA155C60}.Debug|iPhone.Build.0 = Debug|iPhone
		{80A96B52-6758-4BDB-B0B4-CEA4CA155C60}.Debug|iPhoneSimulator.ActiveCfg = Debug|iPhoneSimulator
		{80A96B52-6758-4BDB-B0B4-CEA4CA155C60}.Debug|iPhoneSimulator.Build.0 = Debug|iPhoneSimulator
		{80A96B52-6758-4BDB-B0B4-CEA4CA155C60}.Release|Any CPU.ActiveCfg = Release|iPhone
		{80A96B52-6758-4BDB-B0B4-CEA4CA155C60}.Release|iPhone.ActiveCfg = Release|iPhone
		{80A96B52-6758-4BDB-B0B4-CEA4CA155C60}.Release|iPhone.Build.0 = Release|iPhone
		{80A96B52-6758-4BDB-B0B4-CEA4CA155C60}.Release|iPhoneSimulator.ActiveCfg = Release|iPhoneSimulator
		{80A96B52-6758-4BDB-B0B4-CEA4CA155C60}.Release|iPhoneSimulator.Build.0 = Release|iPhoneSimulator
	EndGlobalSection
	GlobalSection(SolutionProperties) = preSolution
		HideSolutionNode = FALSE
	EndGlobalSection
	GlobalSection(ExtensibilityGlobals) = postSolution
		SolutionGuid = {617E5762-7649-4FCB-A2F4-8B790DE4F9B2}
	EndGlobalSection
EndGlobal
